
Microsoft Visual Studio Solution File, Format Version 12.00
# Visual Studio 15
VisualStudioVersion = 15.0.27703.2047
MinimumVisualStudioVersion = 10.0.40219.1
Project("{9A19103F-16F7-4668-BE54-9A1E7A4F7556}") = "TickMe", "TickMe\TickMe.csproj", "{BBAAA819-5ABF-42D2-887D-10857CC852C4}"
EndProject
Project("{9A19103F-16F7-4668-BE54-9A1E7A4F7556}") = "TickMeHelpers", "TickMeHelpers\TickMeHelpers.csproj", "{AE203806-9112-4A6D-9FB4-B3C81DB1FA66}"
EndProject
Project("{9A19103F-16F7-4668-BE54-9A1E7A4F7556}") = "TestMe", "TestMe\TestMe.csproj", "{92857625-C399-4643-8DD9-06A9B318F87A}"
EndProject
Project("{9A19103F-16F7-4668-BE54-9A1E7A4F7556}") = "TickMeTickets", "TickMeTickets\TickMeTickets.csproj", "{970C3CAA-8787-401D-BFAC-9254C75D823D}"
EndProject
Project("{FAE04EC0-301F-11D3-BF4B-00C04F79EFBC}") = "TickMePayments", "TickMePayments\TickMePayments.csproj", "{EA664A0B-4185-45EF-BD09-12DAFEE81D9E}"
EndProject
Global
	GlobalSection(SolutionConfigurationPlatforms) = preSolution
		Debug|Any CPU = Debug|Any CPU
		Release|Any CPU = Release|Any CPU
	EndGlobalSection
	GlobalSection(ProjectConfigurationPlatforms) = postSolution
		{BBAAA819-5ABF-42D2-887D-10857CC852C4}.Debug|Any CPU.ActiveCfg = Debug|Any CPU
		{BBAAA819-5ABF-42D2-887D-10857CC852C4}.Debug|Any CPU.Build.0 = Debug|Any CPU
		{BBAAA819-5ABF-42D2-887D-10857CC852C4}.Release|Any CPU.ActiveCfg = Release|Any CPU
		{BBAAA819-5ABF-42D2-887D-10857CC852C4}.Release|Any CPU.Build.0 = Release|Any CPU
		{AE203806-9112-4A6D-9FB4-B3C81DB1FA66}.Debug|Any CPU.ActiveCfg = Debug|Any CPU
		{AE203806-9112-4A6D-9FB4-B3C81DB1FA66}.Debug|Any CPU.Build.0 = Debug|Any CPU
		{AE203806-9112-4A6D-9FB4-B3C81DB1FA66}.Release|Any CPU.ActiveCfg = Release|Any CPU
		{AE203806-9112-4A6D-9FB4-B3C81DB1FA66}.Release|Any CPU.Build.0 = Release|Any CPU
		{92857625-C399-4643-8DD9-06A9B318F87A}.Debug|Any CPU.ActiveCfg = Debug|Any CPU
		{92857625-C399-4643-8DD9-06A9B318F87A}.Debug|Any CPU.Build.0 = Debug|Any CPU
		{92857625-C399-4643-8DD9-06A9B318F87A}.Release|Any CPU.ActiveCfg = Release|Any CPU
		{92857625-C399-4643-8DD9-06A9B318F87A}.Release|Any CPU.Build.0 = Release|Any CPU
		{970C3CAA-8787-401D-BFAC-9254C75D823D}.Debug|Any CPU.ActiveCfg = Debug|Any CPU
		{970C3CAA-8787-401D-BFAC-9254C75D823D}.Debug|Any CPU.Build.0 = Debug|Any CPU
		{970C3CAA-8787-401D-BFAC-9254C75D823D}.Release|Any CPU.ActiveCfg = Release|Any CPU
		{970C3CAA-8787-401D-BFAC-9254C75D823D}.Release|Any CPU.Build.0 = Release|Any CPU
		{EA664A0B-4185-45EF-BD09-12DAFEE81D9E}.Debug|Any CPU.ActiveCfg = Debug|Any CPU
		{EA664A0B-4185-45EF-BD09-12DAFEE81D9E}.Debug|Any CPU.Build.0 = Debug|Any CPU
		{EA664A0B-4185-45EF-BD09-12DAFEE81D9E}.Release|Any CPU.ActiveCfg = Release|Any CPU
		{EA664A0B-4185-45EF-BD09-12DAFEE81D9E}.Release|Any CPU.Build.0 = Release|Any CPU
	EndGlobalSection
	GlobalSection(SolutionProperties) = preSolution
		HideSolutionNode = FALSE
	EndGlobalSection
	GlobalSection(ExtensibilityGlobals) = postSolution
		SolutionGuid = {3D7D0CE9-F974-4321-AF78-DB01C1F0328F}
	EndGlobalSection
EndGlobal
